
Microsoft Visual Studio Solution File, Format Version 12.00
# Visual Studio Version 16
VisualStudioVersion = 16.0.31410.357
MinimumVisualStudioVersion = 10.0.40219.1
Project("{FAE04EC0-301F-11D3-BF4B-00C04F79EFBC}") = "FastMemberBenchmark", "FastMemberBenchmark\FastMemberBenchmark.csproj", "{6AAD7BE7-A070-42B2-B409-FA373C2D45BB}"
EndProject
Global
	GlobalSection(SolutionConfigurationPlatforms) = preSolution
		Debug|Any CPU = Debug|Any CPU
		Release|Any CPU = Release|Any CPU
	EndGlobalSection
	GlobalSection(ProjectConfigurationPlatforms) = postSolution
		{6AAD7BE7-A070-42B2-B409-FA373C2D45BB}.Debug|Any CPU.ActiveCfg = Debug|Any CPU
		{6AAD7BE7-A070-42B2-B409-FA373C2D45BB}.Debug|Any CPU.Build.0 = Debug|Any CPU
		{6AAD7BE7-A070-42B2-B409-FA373C2D45BB}.Release|Any CPU.ActiveCfg = Release|Any CPU
		{6AAD7BE7-A070-42B2-B409-FA373C2D45BB}.Release|Any CPU.Build.0 = Release|Any CPU
	EndGlobalSection
	GlobalSection(SolutionProperties) = preSolution
		HideSolutionNode = FALSE
	EndGlobalSection
	GlobalSection(ExtensibilityGlobals) = postSolution
		SolutionGuid = {563AB03E-2E6E-4763-A9FC-E49E84499206}
	EndGlobalSection
EndGlobal
